2756b451603024e4b174be98573715dc3c6154df3fabca05f7eab145e98b0c05  specs/canonical_index.json
8b5d6fb301d0e4f15572d58d2eebb9cd06b648bdc2ec2d7e9c6a197825764474  specs/grouped/INF.a2a-spec.yml
b8dcd56aef39f5327db87f8374bee4ce90f78ff8bc0ac15856d21eae6163a6ca  specs/grouped/PF.a2a-spec.yml
ec463777070558950b353191095b6e53fbabfcc8f6653413fa86bd527314cfcc  specs/grouped/RO.a2a-spec.yml
a92f8fc4158f7a5dbbd40585bf019cc0f9632e3fb430a0378ee5f1e5ceab4126  specs/grouped/SG.a2a-spec.yml
